// !$*UTF8*$!
{
	archiveVersion = 1;
	classes = {
	};
	objectVersion = 50;
	objects = {

/* Begin PBXBuildFile section */
		86695E4926505E9A00E60144 /* AppDelegate.swift in Sources */ = {isa = PBXBuildFile; fileRef = 86695E4826505E9A00E60144 /* AppDelegate.swift */; };
		86695E4B26505E9A00E60144 /* SceneDelegate.swift in Sources */ = {isa = PBXBuildFile; fileRef = 86695E4A26505E9A00E60144 /* SceneDelegate.swift */; };
		86695E4D26505E9A00E60144 /* ViewController.swift in Sources */ = {isa = PBXBuildFile; fileRef = 86695E4C26505E9A00E60144 /* ViewController.swift */; };
		86695E5026505E9A00E60144 /* Main.storyboard in Resources */ = {isa = PBXBuildFile; fileRef = 86695E4E26505E9A00E60144 /* Main.storyboard */; };
		86695E5326505E9A00E60144 /* ToDoListApp.xcdatamodeld in Sources */ = {isa = PBXBuildFile; fileRef = 86695E5126505E9A00E60144 /* ToDoListApp.xcdatamodeld */; };
		86695E5526505E9B00E60144 /* Assets.xcassets in Resources */ = {isa = PBXBuildFile; fileRef = 86695E5426505E9B00E60144 /* Assets.xcassets */; };
		86695E5826505E9B00E60144 /* LaunchScreen.storyboard in Resources */ = {isa = PBXBuildFile; fileRef = 86695E5626505E9B00E60144 /* LaunchScreen.storyboard */; };
		86695E6026505F9E00E60144 /* ToDoTableViewController.swift in Sources */ = {isa = PBXBuildFile; fileRef = 86695E5F26505F9E00E60144 /* ToDoTableViewController.swift */; };
		86695E6226505FD600E60144 /* ToDo.swift in Sources */ = {isa = PBXBuildFile; fileRef = 86695E6126505FD600E60144 /* ToDo.swift */; };
		86695E642650646500E60144 /* AddToDoViewController.swift in Sources */ = {isa = PBXBuildFile; fileRef = 86695E632650646500E60144 /* AddToDoViewController.swift */; };
		86695E66265067FC00E60144 /* CompleteToDoViewController.swift in Sources */ = {isa = PBXBuildFile; fileRef = 86695E65265067FC00E60144 /* CompleteToDoViewController.swift */; };
/* End PBXBuildFile section */

/* Begin PBXFileReference section */
		86695E4526505E9A00E60144 /* ToDoListApp.app */ = {isa = PBXFileReference; explicitFileType = wrapper.application; includeInIndex = 0; path = ToDoListApp.app; sourceTree = BUILT_PRODUCTS_DIR; };
		86695E4826505E9A00E60144 /* AppDelegate.swift */ = {isa = PBXFileReference; lastKnownFileType = sourcecode.swift; path = AppDelegate.swift; sourceTree = "<group>"; };
		86695E4A26505E9A00E60144 /* SceneDelegate.swift */ = {isa = PBXFileReference; lastKnownFileType = sourcecode.swift; path = SceneDelegate.swift; sourceTree = "<group>"; };
		86695E4C26505E9A00E60144 /* ViewController.swift */ = {isa = PBXFileReference; lastKnownFileType = sourcecode.swift; path = ViewController.swift; sourceTree = "<group>"; };
		86695E4F26505E9A00E60144 /* Base */ = {isa = PBXFileReference; lastKnownFileType = file.storyboard; name = Base; path = Base.lproj/Main.storyboard; sourceTree = "<group>"; };
		86695E5226505E9A00E60144 /* ToDoListApp.xcdatamodel */ = {isa = PBXFileReference; lastKnownFileType = wrapper.xcdatamodel; path = ToDoListApp.xcdatamodel; sourceTree = "<group>"; };
		86695E5426505E9B00E60144 /* Assets.xcassets */ = {isa = PBXFileReference; lastKnownFileType = folder.assetcatalog; path = Assets.xcassets; sourceTree = "<group>"; };
		86695E5726505E9B00E60144 /* Base */ = {isa = PBXFileReference; lastKnownFileType = file.storyboard; name = Base; path = Base.lproj/LaunchScreen.storyboard; sourceTree = "<group>"; };
		86695E5926505E9B00E60144 /* Info.plist */ = {isa = PBXFileReference; lastKnownFileType = text.plist.xml; path = Info.plist; sourceTree = "<group>"; };
		86695E5F26505F9E00E60144 /* ToDoTableViewController.swift */ = {isa = PBXFileReference; lastKnownFileType = sourcecode.swift; path = ToDoTableViewController.swift; sourceTree = "<group>"; };
		86695E6126505FD600E60144 /* ToDo.swift */ = {isa = PBXFileReference; lastKnownFileType = sourcecode.swift; path = ToDo.swift; sourceTree = "<group>"; };
		86695E632650646500E60144 /* AddToDoViewController.swift */ = {isa = PBXFileReference; lastKnownFileType = sourcecode.swift; path = AddToDoViewController.swift; sourceTree = "<group>"; };
		86695E65265067FC00E60144 /* CompleteToDoViewController.swift */ = {isa = PBXFileReference; lastKnownFileType = sourcecode.swift; path = CompleteToDoViewController.swift; sourceTree = "<group>"; };
/* End PBXFileReference section */

/* Begin PBXFrameworksBuildPhase section */
		86695E4226505E9A00E60144 /* Frameworks */ = {
			isa = PBXFrameworksBuildPhase;
			buildActionMask = 2147483647;
			files = (
			);
			runOnlyForDeploymentPostprocessing = 0;
		};
/* End PBXFrameworksBuildPhase section */

/* Begin PBXGroup section */
		86695E3C26505E9A00E60144 = {
			isa = PBXGroup;
			children = (
				86695E4726505E9A00E60144 /* ToDoListApp */,
				86695E4626505E9A00E60144 /* Products */,
			);
			sourceTree = "<group>";
		};
		86695E4626505E9A00E60144 /* Products */ = {
			isa = PBXGroup;
			children = (
				86695E4526505E9A00E60144 /* ToDoListApp.app */,
			);
			name = Products;
			sourceTree = "<group>";
		};
		86695E4726505E9A00E60144 /* ToDoListApp */ = {
			isa = PBXGroup;
			children = (
				86695E4826505E9A00E60144 /* AppDelegate.swift */,
				86695E4A26505E9A00E60144 /* SceneDelegate.swift */,
				86695E4C26505E9A00E60144 /* ViewController.swift */,
				86695E4E26505E9A00E60144 /* Main.storyboard */,
				86695E5426505E9B00E60144 /* Assets.xcassets */,
				86695E5626505E9B00E60144 /* LaunchScreen.storyboard */,
				86695E5926505E9B00E60144 /* Info.plist */,
				86695E5126505E9A00E60144 /* ToDoListApp.xcdatamodeld */,
				86695E5F26505F9E00E60144 /* ToDoTableViewController.swift */,
				86695E6126505FD600E60144 /* ToDo.swift */,
				86695E632650646500E60144 /* AddToDoViewController.swift */,
				86695E65265067FC00E60144 /* CompleteToDoViewController.swift */,
			);
			path = ToDoListApp;
			sourceTree = "<group>";
		};
/* End PBXGroup section */

/* Begin PBXNativeTarget section */
		86695E4426505E9A00E60144 /* ToDoListApp */ = {
			isa = PBXNativeTarget;
			buildConfigurationList = 86695E5C26505E9B00E60144 /* Build configuration list for PBXNativeTarget "ToDoListApp" */;
			buildPhases = (
				86695E4126505E9A00E60144 /* Sources */,
				86695E4226505E9A00E60144 /* Frameworks */,
				86695E4326505E9A00E60144 /* Resources */,
			);
			buildRules = (
			);
			dependencies = (
			);
			name = ToDoListApp;
			productName = ToDoListApp;
			productReference = 86695E4526505E9A00E60144 /* ToDoListApp.app */;
			productType = "com.apple.product-type.application";
		};
/* End PBXNativeTarget section */

/* Begin PBXProject section */
		86695E3D26505E9A00E60144 /* Project object */ = {
			isa = PBXProject;
			attributes = {
				LastSwiftUpdateCheck = 1250;
				LastUpgradeCheck = 1250;
				TargetAttributes = {
					86695E4426505E9A00E60144 = {
						CreatedOnToolsVersion = 12.5;
					};
				};
			};
			buildConfigurationList = 86695E4026505E9A00E60144 /* Build configuration list for PBXProject "ToDoListApp" */;
			compatibilityVersion = "Xcode 9.3";
			developmentRegion = en;
			hasScannedForEncodings = 0;
			knownRegions = (
				en,
				Base,
			);
			mainGroup = 86695E3C26505E9A00E60144;
			productRefGroup = 86695E4626505E9A00E60144 /* Products */;
			projectDirPath = "";
			projectRoot = "";
			targets = (
				86695E4426505E9A00E60144 /* ToDoListApp */,
			);
		};
/* End PBXProject section */

/* Begin PBXResourcesBuildPhase section */
		86695E4326505E9A00E60144 /* Resources */ = {
			isa = PBXResourcesBuildPhase;
			buildActionMask = 2147483647;
			files = (
				86695E5826505E9B00E60144 /* LaunchScreen.storyboard in Resources */,
				86695E5526505E9B00E60144 /* Assets.xcassets in Resources */,
				86695E5026505E9A00E60144 /* Main.storyboard in Resources */,
			);
			runOnlyForDeploymentPostprocessing = 0;
		};
/* End PBXResourcesBuildPhase section */

/* Begin PBXSourcesBuildPhase section */
		86695E4126505E9A00E60144 /* Sources */ = {
			isa = PBXSourcesBuildPhase;
			buildActionMask = 2147483647;
			files = (
				86695E4D26505E9A00E60144 /* ViewController.swift in Sources */,
				86695E4926505E9A00E60144 /* AppDelegate.swift in Sources */,
				86695E66265067FC00E60144 /* CompleteToDoViewController.swift in Sources */,
				86695E4B26505E9A00E60144 /* SceneDelegate.swift in Sources */,
				86695E6226505FD600E60144 /* ToDo.swift in Sources */,
				86695E642650646500E60144 /* AddToDoViewController.swift in Sources */,
				86695E5326505E9A00E60144 /* ToDoListApp.xcdatamodeld in Sources */,
				86695E6026505F9E00E60144 /* ToDoTableViewController.swift in Sources */,
			);
			runOnlyForDeploymentPostprocessing = 0;
		};
/* End PBXSourcesBuildPhase section */

/* Begin PBXVariantGroup section */
		86695E4E26505E9A00E60144 /* Main.storyboard */ = {
			isa = PBXVariantGroup;
			children = (
				86695E4F26505E9A00E60144 /* Base */,
			);
			name = Main.storyboard;
			sourceTree = "<group>";
		};
		86695E5626505E9B00E60144 /* LaunchScreen.storyboard */ = {
			isa = PBXVariantGroup;
			children = (
				86695E5726505E9B00E60144 /* Base */,
			);
			name = LaunchScreen.storyboard;
			sourceTree = "<group>";
		};
/* End PBXVariantGroup section */

/* Begin XCBuildConfiguration section */
		86695E5A26505E9B00E60144 /* Debug */ = {
			isa = XCBuildConfiguration;
			buildSettings = {
				ALWAYS_SEARCH_USER_PATHS = NO;
				CLANG_ANALYZER_NONNULL = YES;
				CLANG_ANALYZER_NUMBER_OBJECT_CONVERSION = YES_AGGRESSIVE;
				CLANG_CXX_LANGUAGE_STANDARD = "gnu++14";
				CLANG_CXX_LIBRARY = "libc++";
				CLANG_ENABLE_MODULES = YES;
				CLANG_ENABLE_OBJC_ARC = YES;
				CLANG_ENABLE_OBJC_WEAK = YES;
				CLANG_WARN_BLOCK_CAPTURE_AUTORELEASING = YES;
				CLANG_WARN_BOOL_CONVERSION = YES;
				CLANG_WARN_COMMA = YES;
				CLANG_WARN_CONSTANT_CONVERSION = YES;
				CLANG_WARN_DEPRECATED_OBJC_IMPLEMENTATIONS = YES;
				CLANG_WARN_DIRECT_OBJC_ISA_USAGE = YES_ERROR;
				CLANG_WARN_DOCUMENTATION_COMMENTS = YES;
				CLANG_WARN_EMPTY_BODY = YES;
				CLANG_WARN_ENUM_CONVERSION = YES;
				CLANG_WARN_INFINITE_RECURSION = YES;
				CLANG_WARN_INT_CONVERSION = YES;
				CLANG_WARN_NON_LITERAL_NULL_CONVERSION = YES;
				CLANG_WARN_OBJC_IMPLICIT_RETAIN_SELF = YES;
				CLANG_WARN_OBJC_LITERAL_CONVERSION = YES;
				CLANG_WARN_OBJC_ROOT_CLASS = YES_ERROR;
				CLANG_WARN_QUOTED_INCLUDE_IN_FRAMEWORK_HEADER = YES;
				CLANG_WARN_RANGE_LOOP_ANALYSIS = YES;
				CLANG_WARN_STRICT_PROTOTYPES = YES;
				CLANG_WARN_SUSPICIOUS_MOVE = YES;
				CLANG_WARN_UNGUARDED_AVAILABILITY = YES_AGGRESSIVE;
				CLANG_WARN_UNREACHABLE_CODE = YES;
				CLANG_WARN__DUPLICATE_METHOD_MATCH = YES;
				COPY_PHASE_STRIP = NO;
				DEBUG_INFORMATION_FORMAT = dwarf;
				ENABLE_STRICT_OBJC_MSGSEND = YES;
				ENABLE_TESTABILITY = YES;
				GCC_C_LANGUAGE_STANDARD = gnu11;
				GCC_DYNAMIC_NO_PIC = NO;
				GCC_NO_COMMON_BLOCKS = YES;
				GCC_OPTIMIZATION_LEVEL = 0;
				GCC_PREPROCESSOR_DEFINITIONS = (
					"DEBUG=1",
					"$(inherited)",
				);
				GCC_WARN_64_TO_32_BIT_CONVERSION = YES;
				GCC_WARN_ABOUT_RETURN_TYPE = YES_ERROR;
				GCC_WARN_UNDECLARED_SELECTOR = YES;
				GCC_WARN_UNINITIALIZED_AUTOS = YES_AGGRESSIVE;
				GCC_WARN_UNUSED_FUNCTION = YES;
				GCC_WARN_UNUSED_VARIABLE = YES;
				IPHONEOS_DEPLOYMENT_TARGET = 14.5;
				MTL_ENABLE_DEBUG_INFO = INCLUDE_SOURCE;
				MTL_FAST_MATH = YES;
				ONLY_ACTIVE_ARCH = YES;
				SDKROOT = iphoneos;
				SWIFT_ACTIVE_COMPILATION_CONDITIONS = DEBUG;
				SWIFT_OPTIMIZATION_LEVEL = "-Onone";
			};
			name = Debug;
		};
		86695E5B26505E9B00E60144 /* Release */ = {
			isa = XCBuildConfiguration;
			buildSettings = {
				ALWAYS_SEARCH_USER_PATHS = NO;
				CLANG_ANALYZER_NONNULL = YES;
				CLANG_ANALYZER_NUMBER_OBJECT_CONVERSION = YES_AGGRESSIVE;
				CLANG_CXX_LANGUAGE_STANDARD = "gnu++14";
				CLANG_CXX_LIBRARY = "libc++";
				CLANG_ENABLE_MODULES = YES;
				CLANG_ENABLE_OBJC_ARC = YES;
				CLANG_ENABLE_OBJC_WEAK = YES;
				CLANG_WARN_BLOCK_CAPTURE_AUTORELEASING = YES;
				CLANG_WARN_BOOL_CONVERSION = YES;
				CLANG_WARN_COMMA = YES;
				CLANG_WARN_CONSTANT_CONVERSION = YES;
				CLANG_WARN_DEPRECATED_OBJC_IMPLEMENTATIONS = YES;
				CLANG_WARN_DIRECT_OBJC_ISA_USAGE = YES_ERROR;
				CLANG_WARN_DOCUMENTATION_COMMENTS = YES;
				CLANG_WARN_EMPTY_BODY = YES;
				CLANG_WARN_ENUM_CONVERSION = YES;
				CLANG_WARN_INFINITE_RECURSION = YES;
				CLANG_WARN_INT_CONVERSION = YES;
				CLANG_WARN_NON_LITERAL_NULL_CONVERSION = YES;
				CLANG_WARN_OBJC_IMPLICIT_RETAIN_SELF = YES;
				CLANG_WARN_OBJC_LITERAL_CONVERSION = YES;
				CLANG_WARN_OBJC_ROOT_CLASS = YES_ERROR;
				CLANG_WARN_QUOTED_INCLUDE_IN_FRAMEWORK_HEADER = YES;
				CLANG_WARN_RANGE_LOOP_ANALYSIS = YES;
				CLANG_WARN_STRICT_PROTOTYPES = YES;
				CLANG_WARN_SUSPICIOUS_MOVE = YES;
				CLANG_WARN_UNGUARDED_AVAILABILITY = YES_AGGRESSIVE;
				CLANG_WARN_UNREACHABLE_CODE = YES;
				CLANG_WARN__DUPLICATE_METHOD_MATCH = YES;
				COPY_PHASE_STRIP = NO;
				DEBUG_INFORMATION_FORMAT = "dwarf-with-dsym";
				ENABLE_NS_ASSERTIONS = NO;
				ENABLE_STRICT_OBJC_MSGSEND = YES;
				GCC_C_LANGUAGE_STANDARD = gnu11;
				GCC_NO_COMMON_BLOCKS = YES;
				GCC_WARN_64_TO_32_BIT_CONVERSION = YES;
				GCC_WARN_ABOUT_RETURN_TYPE = YES_ERROR;
				GCC_WARN_UNDECLARED_SELECTOR = YES;
				GCC_WARN_UNINITIALIZED_AUTOS = YES_AGGRESSIVE;
				GCC_WARN_UNUSED_FUNCTION = YES;
				GCC_WARN_UNUSED_VARIABLE = YES;
				IPHONEOS_DEPLOYMENT_TARGET = 14.5;
				MTL_ENABLE_DEBUG_INFO = NO;
				MTL_FAST_MATH = YES;
				SDKROOT = iphoneos;
				SWIFT_COMPILATION_MODE = wholemodule;
				SWIFT_OPTIMIZATION_LEVEL = "-O";
				VALIDATE_PRODUCT = YES;
			};
			name = Release;
		};
		86695E5D26505E9B00E60144 /* Debug */ = {
			isa = XCBuildConfiguration;
			buildSettings = {
				ASSETCATALOG_COMPILER_APPICON_NAME = AppIcon;
				ASSETCATALOG_COMPILER_GLOBAL_ACCENT_COLOR_NAME = AccentColor;
				CODE_SIGN_STYLE = Automatic;
				INFOPLIST_FILE = ToDoListApp/Info.plist;
				LD_RUNPATH_SEARCH_PATHS = (
					"$(inherited)",
					"@executable_path/Frameworks",
				);
				PRODUCT_BUNDLE_IDENTIFIER = com.example.ToDoListApp;
				PRODUCT_NAME = "$(TARGET_NAME)";
				SWIFT_VERSION = 5.0;
				TARGETED_DEVICE_FAMILY = "1,2";
			};
			name = Debug;
		};
		86695E5E26505E9B00E60144 /* Release */ = {
			isa = XCBuildConfiguration;
			buildSettings = {
				ASSETCATALOG_COMPILER_APPICON_NAME = AppIcon;
				ASSETCATALOG_COMPILER_GLOBAL_ACCENT_COLOR_NAME = AccentColor;
				CODE_SIGN_STYLE = Automatic;
				INFOPLIST_FILE = ToDoListApp/Info.plist;
				LD_RUNPATH_SEARCH_PATHS = (
					"$(inherited)",
					"@executable_path/Frameworks",
				);
				PRODUCT_BUNDLE_IDENTIFIER = com.example.ToDoListApp;
				PRODUCT_NAME = "$(TARGET_NAME)";
				SWIFT_VERSION = 5.0;
				TARGETED_DEVICE_FAMILY = "1,2";
			};
			name = Release;
		};
/* End XCBuildConfiguration section */

/* Begin XCConfigurationList section */
		86695E4026505E9A00E60144 /* Build configuration list for PBXProject "ToDoListApp" */ = {
			isa = XCConfigurationList;
			buildConfigurations = (
				86695E5A26505E9B00E60144 /* Debug */,
				86695E5B26505E9B00E60144 /* Release */,
			);
			defaultConfigurationIsVisible = 0;
			defaultConfigurationName = Release;
		};
		86695E5C26505E9B00E60144 /* Build configuration list for PBXNativeTarget "ToDoListApp" */ = {
			isa = XCConfigurationList;
			buildConfigurations = (
				86695E5D26505E9B00E60144 /* Debug */,
				86695E5E26505E9B00E60144 /* Release */,
			);
			defaultConfigurationIsVisible = 0;
			defaultConfigurationName = Release;
		};
/* End XCConfigurationList section */

/* Begin XCVersionGroup section */
		86695E5126505E9A00E60144 /* ToDoListApp.xcdatamodeld */ = {
			isa = XCVersionGroup;
			children = (
				86695E5226505E9A00E60144 /* ToDoListApp.xcdatamodel */,
			);
			currentVersion = 86695E5226505E9A00E60144 /* ToDoListApp.xcdatamodel */;
			path = ToDoListApp.xcdatamodeld;
			sourceTree = "<group>";
			versionGroupType = wrapper.xcdatamodel;
		};
/* End XCVersionGroup section */
	};
	rootObject = 86695E3D26505E9A00E60144 /* Project object */;
}
